
Microsoft Visual Studio Solution File, Format Version 12.00
# Visual Studio Version 17
VisualStudioVersion = 17.0.31912.275
MinimumVisualStudioVersion = 10.0.40219.1
Project("{9A19103F-16F7-4668-BE54-9A1E7A4F7556}") = "eft-dma-radar", "eft-dma-radar.csproj", "{56E6577A-CAF7-402F-8590-5B6DEE34F918}"
EndProject
Global
	GlobalSection(SolutionConfigurationPlatforms) = preSolution
		Debug|x64 = Debug|x64
		Release|x64 = Release|x64
	EndGlobalSection
	GlobalSection(ProjectConfigurationPlatforms) = postSolution
		{56E6577A-CAF7-402F-8590-5B6DEE34F918}.Debug|x64.ActiveCfg = Debug|x64
		{56E6577A-CAF7-402F-8590-5B6DEE34F918}.Debug|x64.Build.0 = Debug|x64
		{56E6577A-CAF7-402F-8590-5B6DEE34F918}.Release|x64.ActiveCfg = Release|x64
		{56E6577A-CAF7-402F-8590-5B6DEE34F918}.Release|x64.Build.0 = Release|x64
	EndGlobalSection
	GlobalSection(SolutionProperties) = preSolution
		HideSolutionNode = FALSE
	EndGlobalSection
	GlobalSection(ExtensibilityGlobals) = postSolution
		SolutionGuid = {9FE05244-9482-47D1-B12C-9357E58CD3AB}
	EndGlobalSection
EndGlobal
